
Microsoft Visual Studio Solution File, Format Version 12.00
# Visual Studio 14
VisualStudioVersion = 14.0.25123.0
MinimumVisualStudioVersion = 10.0.40219.1
Project("{F2A71F9B-5D33-465A-A702-920D77279786}") = "LinearRegression", "LinearRegression\LinearRegression.fsproj", "{F0BCF1C1-60C2-4ABE-A25A-4814312E4D0F}"
EndProject
Project("{F2A71F9B-5D33-465A-A702-920D77279786}") = "LogisticRegression", "LogisticRegression\LogisticRegression.fsproj", "{770259D7-43E2-4EF5-8D34-51BE95419A40}"
EndProject
Project("{F2A71F9B-5D33-465A-A702-920D77279786}") = "UnsupervisedLearning", "UnsupervisedLearning\UnsupervisedLearning.fsproj", "{9A315875-1EFC-448D-B330-10C4A8602BBE}"
EndProject
Project("{F2A71F9B-5D33-465A-A702-920D77279786}") = "NeuralNetwork", "NeuralNetwork\NeuralNetwork.fsproj", "{05252B16-2C99-424C-8C1B-CB260CB20673}"
EndProject
Global
	GlobalSection(SolutionConfigurationPlatforms) = preSolution
		Debug|Any CPU = Debug|Any CPU
		Release|Any CPU = Release|Any CPU
	EndGlobalSection
	GlobalSection(ProjectConfigurationPlatforms) = postSolution
		{F0BCF1C1-60C2-4ABE-A25A-4814312E4D0F}.Debug|Any CPU.ActiveCfg = Debug|Any CPU
		{F0BCF1C1-60C2-4ABE-A25A-4814312E4D0F}.Debug|Any CPU.Build.0 = Debug|Any CPU
		{F0BCF1C1-60C2-4ABE-A25A-4814312E4D0F}.Release|Any CPU.ActiveCfg = Release|Any CPU
		{F0BCF1C1-60C2-4ABE-A25A-4814312E4D0F}.Release|Any CPU.Build.0 = Release|Any CPU
		{770259D7-43E2-4EF5-8D34-51BE95419A40}.Debug|Any CPU.ActiveCfg = Debug|Any CPU
		{770259D7-43E2-4EF5-8D34-51BE95419A40}.Debug|Any CPU.Build.0 = Debug|Any CPU
		{770259D7-43E2-4EF5-8D34-51BE95419A40}.Release|Any CPU.ActiveCfg = Release|Any CPU
		{770259D7-43E2-4EF5-8D34-51BE95419A40}.Release|Any CPU.Build.0 = Release|Any CPU
		{9A315875-1EFC-448D-B330-10C4A8602BBE}.Debug|Any CPU.ActiveCfg = Debug|Any CPU
		{9A315875-1EFC-448D-B330-10C4A8602BBE}.Debug|Any CPU.Build.0 = Debug|Any CPU
		{9A315875-1EFC-448D-B330-10C4A8602BBE}.Release|Any CPU.ActiveCfg = Release|Any CPU
		{9A315875-1EFC-448D-B330-10C4A8602BBE}.Release|Any CPU.Build.0 = Release|Any CPU
		{05252B16-2C99-424C-8C1B-CB260CB20673}.Debug|Any CPU.ActiveCfg = Debug|Any CPU
		{05252B16-2C99-424C-8C1B-CB260CB20673}.Debug|Any CPU.Build.0 = Debug|Any CPU
		{05252B16-2C99-424C-8C1B-CB260CB20673}.Release|Any CPU.ActiveCfg = Release|Any CPU
		{05252B16-2C99-424C-8C1B-CB260CB20673}.Release|Any CPU.Build.0 = Release|Any CPU
	EndGlobalSection
	GlobalSection(SolutionProperties) = preSolution
		HideSolutionNode = FALSE
	EndGlobalSection
EndGlobal
